<?xml version="1.0" encoding="utf-8"?>
<Project ToolsVersion="4.0" xmlns="http://schemas.microsoft.com/developer/msbuild/2003">
  <ItemGroup>
    <FxCompile Include="Shaders\CSGridPass1.hlsl" />
    <FxCompile Include="Shaders\CSGridPass2.hlsl" />
    <FxCompile Include="Shaders\PSDefColor.hlsl" />
    <FxCompile Include="Shaders\PSDefMaterial.hlsl" />
    <FxCompile Include="Shaders\PSFwdColor.hlsl" />
    <FxCompile Include="Shaders\PSFwd2DTexture.hlsl" />
    <FxCompile Include="Shaders\PSFwdSpotLightVolume.hlsl" />
    <FxCompile Include="Shaders\PSFwdDeferredOutput.hlsl" />
    <FxCompile Include="Shaders\VSDefInstancedMaterial.hlsl" />
    <FxCompile Include="Shaders\VSFwdSprites.hlsl" />
    <FxCompile Include="Shaders\VSFwdSpotLightVolume.hlsl" />
    <FxCompile Include="Shaders\VSFwdLineTrace.hlsl" />
    <FxCompile Include="Shaders\VSFwdFullScreenQuad.hlsl" />
    <FxCompile Include="Shaders\VSDefSkinnedMaterial.hlsl" />
    <FxCompile Include="Shaders\VSDefSingleMaterial.hlsl" />
    <FxCompile Include="Shaders\VSDefSingleColor.hlsl" />
    <FxCompile Include="Shaders\PSDef2DTexture.hlsl" />
    <FxCompile Include="Shaders\VSFwdSingleColor.hlsl" />
    <FxCompile Include="Shaders\VSDefInstancedColor.hlsl" />
    <FxCompile Include="Shaders\PSDefInstancedMaterial.hlsl" />
    <FxCompile Include="Shaders\VSFwdSpriteGlyphs.hlsl" />
    <FxCompile Include="Shaders\VSFwdSingleMaterial.hlsl" />
    <FxCompile Include="Shaders\PSFwdSingleMaterial.hlsl" />
  </ItemGroup>
  <ItemGroup>
    <ClCompile Include="Components\AnimationController.cpp" />
    <ClCompile Include="CameraManager.cpp" />
    <ClCompile Include="CollisionManager.cpp" />
    <ClCompile Include="Components\ColliderComponent.cpp" />
    <ClCompile Include="Components\DominationPointController.cpp" />
    <ClCompile Include="Components\ExplorerController.cpp" />
    <ClCompile Include="Components\FmodEvent.cpp" />
    <ClCompile Include="Components\FmodEventCollection.cpp" />
    <ClCompile Include="Components\GhostController.cpp" />
    <ClCompile Include="Components\MinionController.cpp" />
    <ClCompile Include="Components\Skill.cpp" />
    <ClCompile Include="Console.cpp" />
    <ClCompile Include="Factory.cpp" />
    <ClCompile Include="Resource.cpp" />
    <ClCompile Include="ScareTacticsApplication.cpp" />
    <ClCompile Include="SceneObjects\Minion.cpp" />
    <ClCompile Include="Scenes\BaseScene.cpp" />
    <ClCompile Include="AIManager.cpp" />
    <ClCompile Include="main.cpp" />
    <ClCompile Include="Network\NetworkClient.cpp" />
    <ClCompile Include="Network\NetworkManager.cpp" />
    <ClCompile Include="Network\NetworkServer.cpp" />
    <ClCompile Include="Scenes\Level01.cpp" />
    <ClCompile Include="Scenes\LoadingScreen.cpp" />
    <ClCompile Include="Scenes\MainMenuScene.cpp" />
    <ClCompile Include="SkeletalHierarchy.cpp" />
    <ClCompile Include="stdafx.cpp" />
    <ClCompile Include="TargetFollower.cpp" />
    <ClCompile Include="trace.cpp" />
    <ClCompile Include="BVHTree.cpp" />
    <ClCompile Include="DebugRender.cpp" />
    <ClCompile Include="SceneObjects\Region.cpp" />
    <ClCompile Include="BehaviorTree\Selector.cpp" />
    <ClCompile Include="Components\AnimationUtility.cpp" />
    <ClCompile Include="BehaviorTree\BehaviorTreeTests.cpp" />
    <ClCompile Include="BehaviorTree\Predicate.cpp" />
    <ClCompile Include="BehaviorTree\Priority.cpp" />
    <ClCompile Include="BehaviorTree\Tree.cpp" />
    <ClCompile Include="BehaviorTree\Conditional.cpp" />
    <ClCompile Include="BehaviorTree\Decorator.cpp" />
    <ClCompile Include="BehaviorTree\Race.cpp" />
    <ClCompile Include="BehaviorTree\Parallel.cpp" />
    <ClCompile Include="SceneObjects\Heal.cpp" />
    <ClCompile Include="UI\SpriteManager.cpp" />
    <ClCompile Include="SceneObjects\StatusEffect.cpp" />
    <ClCompile Include="SceneObjects\Trap.cpp" />
    <ClCompile Include="BehaviorTree\Builder.cpp" />
    <ClCompile Include="BehaviorTree\Mute.cpp" />
    <ClCompile Include="Components\ImpController.cpp" />
    <ClCompile Include="Components\FlyTrapController.cpp" />
    <ClCompile Include="SceneObjects\Door.cpp" />
    <ClCompile Include="SceneObjects\Lamp.cpp" />
    <ClCompile Include="UI\UIManager.cpp" />
  </ItemGroup>
  <ItemGroup>
    <ClInclude Include="Components\AnimationController.h" />
    <ClInclude Include="CameraManager.h" />
    <ClInclude Include="CollisionManager.h" />
    <ClInclude Include="Components\BaseComponent.h" />
    <ClInclude Include="Components\ColliderComponent.h" />
    <ClInclude Include="Components\DominationPointController.h" />
    <ClInclude Include="Components\FmodEvent.h" />
    <ClInclude Include="Components\FmodEventCollection.h" />
    <ClInclude Include="Components\GhostController.h" />
    <ClInclude Include="Components\Health.h" />
    <ClInclude Include="Components\MinionController.h" />
    <ClInclude Include="FBXResource.h" />
    <ClInclude Include="fmodwrap.h" />
    <ClInclude Include="Mathf.h" />
    <ClInclude Include="SceneObjects\Ghost.h" />
    <ClInclude Include="Components\Skill.h" />
    <ClInclude Include="capstone-game-cpp.rc.h" />
    <ClInclude Include="Console.h" />
    <ClInclude Include="Culler.h" />
    <ClInclude Include="SceneObjects\DominationPoint.h" />
    <ClInclude Include="SceneObjects\Minion.h" />
    <ClInclude Include="SceneObjects\Pickup.h" />
    <ClInclude Include="Components\ExplorerController.h" />
    <ClInclude Include="Factory.h" />
    <ClInclude Include="Components\NetworkID.h" />
    <ClInclude Include="Resource.h" />
    <ClInclude Include="ScareTacticsApplication.h" />
    <ClInclude Include="SceneObjects\SpawnPoint.h" />
    <ClInclude Include="SceneObjects\LegacySceneObject.h" />
    <ClInclude Include="SceneObjects\Explorer.h" />
    <ClInclude Include="SceneObjects\MoveableBlock.h" />
    <ClInclude Include="SceneObjects\Lamp.h" />
    <ClInclude Include="Scenes\BaseScene.h" />
    <ClInclude Include="Colors.h" />
    <ClInclude Include="AIManager.h" />
    <ClInclude Include="json.h" />
    <ClInclude Include="Network\NetworkData.h" />
    <ClInclude Include="Network\NetworkClient.h" />
    <ClInclude Include="Network\NetworkManager.h" />
    <ClInclude Include="Network\NetworkServer.h" />
    <ClInclude Include="Node.h" />
    <ClInclude Include="PathFinder\Graph.h" />
    <ClInclude Include="PathFinder\Fringe.h" />
    <ClInclude Include="RayCast.h" />
    <ClInclude Include="SceneObjects\BaseSceneObject.h" />
    <ClInclude Include="Scenes\Level01.h" />
    <ClInclude Include="Scenes\LoadingScreen.h" />
    <ClInclude Include="Scenes\MainMenuScene.h" />
    <ClInclude Include="SkeletalHierarchy.h" />
    <ClInclude Include="stdafx.h" />
    <ClInclude Include="TargetFollower.h" />
    <ClInclude Include="trace.h" />
    <ClInclude Include="Uniforms.h" />
    <ClInclude Include="Vertex.h" />
    <ClInclude Include="BVHTree.h" />
    <ClInclude Include="SceneObjects\SpawnPoint.h" />
    <ClInclude Include="DebugRender.h" />
    <ClInclude Include="SceneObjects\Region.h" />
    <ClInclude Include="SceneObjects\Door.h" />
    <ClInclude Include="BehaviorTree\Selector.h" />
    <ClInclude Include="Components\AnimationUtility.h" />
    <ClInclude Include="Components\FlyTrapController.h" />
    <ClInclude Include="BehaviorTree\BehaviorTree.h" />
    <ClInclude Include="BehaviorTree\BehaviorTreeTests.h" />
    <ClInclude Include="BehaviorTree\Priority.h" />
    <ClInclude Include="BehaviorTree\Predicate.h" />
    <ClInclude Include="BehaviorTree\Tree.h" />
    <ClInclude Include="BehaviorTree\Conditional.h" />
    <ClInclude Include="BehaviorTree\Decorator.h" />
    <ClInclude Include="UI\SpriteManager.h" />
    <ClInclude Include="BehaviorTree\Builder.h" />
    <ClInclude Include="BehaviorTree\Parallel.h" />
    <ClInclude Include="BehaviorTree\Race.h" />
    <ClInclude Include="SceneObjects\Heal.h" />
    <ClInclude Include="SceneObjects\StatusEffect.h" />
    <ClInclude Include="SceneObjects\Trap.h" />
    <ClInclude Include="BehaviorTree\Mute.h" />
    <ClInclude Include="Components\ImpController.h" />
    <ClInclude Include="UI\UIManager.h" />
  </ItemGroup>
  <ItemGroup>
    <ClCompile Include="Components\AnimationController.cpp" />
    <ClCompile Include="CameraManager.cpp" />
    <ClCompile Include="CollisionManager.cpp" />
    <ClCompile Include="Components\ColliderComponent.cpp" />
    <ClCompile Include="Components\DominationPointController.cpp" />
    <ClCompile Include="Components\ExplorerController.cpp" />
    <ClCompile Include="Components\FmodEvent.cpp" />
    <ClCompile Include="Components\FmodEventCollection.cpp" />
    <ClCompile Include="Components\GhostController.cpp" />
    <ClCompile Include="Components\MinionController.cpp" />
    <ClCompile Include="Components\Skill.cpp" />
    <ClCompile Include="Console.cpp" />
    <ClCompile Include="Factory.cpp" />
    <ClCompile Include="Resource.cpp" />
    <ClCompile Include="ScareTacticsApplication.cpp" />
    <ClCompile Include="SceneObjects\Minion.cpp" />
    <ClCompile Include="Scenes\BaseScene.cpp" />
    <ClCompile Include="AIManager.cpp" />
    <ClCompile Include="main.cpp" />
    <ClCompile Include="Network\NetworkClient.cpp" />
    <ClCompile Include="Network\NetworkManager.cpp" />
    <ClCompile Include="Network\NetworkServer.cpp" />
    <ClCompile Include="Scenes\Level01.cpp" />
    <ClCompile Include="Scenes\LoadingScreen.cpp" />
    <ClCompile Include="Scenes\MainMenuScene.cpp" />
    <ClCompile Include="SkeletalHierarchy.cpp" />
    <ClCompile Include="stdafx.cpp" />
    <ClCompile Include="TargetFollower.cpp" />
    <ClCompile Include="trace.cpp" />
    <ClCompile Include="ModelManager.cpp" />
    <ClCompile Include="SceneObjects\BaseSceneObject.cpp" />
    <ClCompile Include="SceneObjects\Explorer.cpp" />
    <ClCompile Include="SceneObjects\Ghost.cpp" />
    <ClCompile Include="BehaviorTree\Behavior.cpp" />
    <ClCompile Include="BehaviorTree\Composite.cpp" />
    <ClCompile Include="BehaviorTree\Sequence.cpp" />
    <ClCompile Include="BehaviorTree\TestSuite.cpp" />
  </ItemGroup>
  <ItemGroup>
    <ClInclude Include="Components\AnimationController.h" />
    <ClInclude Include="CameraManager.h" />
    <ClInclude Include="CollisionManager.h" />
    <ClInclude Include="Components\BaseComponent.h" />
    <ClInclude Include="Components\ColliderComponent.h" />
    <ClInclude Include="Components\DominationPointController.h" />
    <ClInclude Include="Components\FmodEvent.h" />
    <ClInclude Include="Components\FmodEventCollection.h" />
    <ClInclude Include="Components\GhostController.h" />
    <ClInclude Include="Components\Health.h" />
    <ClInclude Include="Components\MinionController.h" />
    <ClInclude Include="FBXResource.h" />
    <ClInclude Include="fmodwrap.h" />
    <ClInclude Include="Mathf.h" />
    <ClInclude Include="SceneObjects\Ghost.h" />
    <ClInclude Include="Components\Skill.h" />
    <ClInclude Include="capstone-game-cpp.rc.h" />
    <ClInclude Include="Console.h" />
    <ClInclude Include="Culler.h" />
    <ClInclude Include="SceneObjects\DominationPoint.h" />
    <ClInclude Include="SceneObjects\Minion.h" />
    <ClInclude Include="SceneObjects\Pickup.h" />
    <ClInclude Include="Components\ExplorerController.h" />
    <ClInclude Include="Factory.h" />
    <ClInclude Include="Components\NetworkID.h" />
    <ClInclude Include="Resource.h" />
    <ClInclude Include="ScareTacticsApplication.h" />
    <ClInclude Include="SceneObjects\SpawnPoint.h" />
    <ClInclude Include="SceneObjects\LegacySceneObject.h" />
    <ClInclude Include="SceneObjects\Explorer.h" />
    <ClInclude Include="SceneObjects\MoveableBlock.h" />
    <ClInclude Include="SceneObjects\Lamp.h" />
    <ClInclude Include="Scenes\BaseScene.h" />
    <ClInclude Include="Colors.h" />
    <ClInclude Include="AIManager.h" />
    <ClInclude Include="json.h" />
    <ClInclude Include="Network\NetworkData.h" />
    <ClInclude Include="Network\NetworkClient.h" />
    <ClInclude Include="Network\NetworkManager.h" />
    <ClInclude Include="Network\NetworkServer.h" />
    <ClInclude Include="Node.h" />
    <ClInclude Include="PathFinder\Graph.h" />
    <ClInclude Include="PathFinder\Fringe.h" />
    <ClInclude Include="RayCast.h" />
    <ClInclude Include="SceneObjects\BaseSceneObject.h" />
    <ClInclude Include="Scenes\Level01.h" />
    <ClInclude Include="Scenes\LoadingScreen.h" />
    <ClInclude Include="Scenes\MainMenuScene.h" />
    <ClInclude Include="SkeletalHierarchy.h" />
    <ClInclude Include="stdafx.h" />
    <ClInclude Include="TargetFollower.h" />
    <ClInclude Include="trace.h" />
    <ClInclude Include="Uniforms.h" />
    <ClInclude Include="Vertex.h" />
    <ClInclude Include="SceneObjects\StaticCollider.h" />
    <ClInclude Include="SceneObjects\StaticMesh.h" />
    <ClInclude Include="ModelManager.h" />
    <ClInclude Include="BehaviorTree\Behavior.h" />
    <ClInclude Include="BehaviorTree\Composite.h" />
    <ClInclude Include="BehaviorTree\Sequence.h" />
    <ClInclude Include="BehaviorTree\TestSuite.h" />
  </ItemGroup>
  <ItemGroup>
    <CustomBuild Include="External\fmodstudioL.ref" />
    <CustomBuild Include="External\fmodL.ref" />
    <CustomBuild Include="External\libfbxsdk.ref" />
  </ItemGroup>
  <ItemGroup>
    <ResourceCompile Include="capstone-game-cpp.rc" />
    <ResourceCompile Include="capstone-game-cpp.rc" />
  </ItemGroup>
  <ItemGroup>
    <Image Include="..\Assets\icon.ico" />
  </ItemGroup>
  <ItemGroup>
    <None Include="ClassDiagram.cd" />
  </ItemGroup>
</Project>